// !$*UTF8*$!
{
	archiveVersion = 1;
	classes = {
	};
	objectVersion = 46;
	objects = {

/* Begin PBXBuildFile section */
		597134C8D3A94605196647CE /* Pods_UsingGoogleMapAPI.framework in Frameworks */ = {isa = PBXBuildFile; fileRef = EF9051DAC20A8E92EB7773C1 /* Pods_UsingGoogleMapAPI.framework */; };
		B5915CAF1EA9A29600053CF0 /* AppDelegate.swift in Sources */ = {isa = PBXBuildFile; fileRef = B5915CAE1EA9A29600053CF0 /* AppDelegate.swift */; };
		B5915CB11EA9A29600053CF0 /* MapViewController.swift in Sources */ = {isa = PBXBuildFile; fileRef = B5915CB01EA9A29600053CF0 /* MapViewController.swift */; };
		B5915CB41EA9A29600053CF0 /* Main.storyboard in Resources */ = {isa = PBXBuildFile; fileRef = B5915CB21EA9A29600053CF0 /* Main.storyboard */; };
		B5915CB61EA9A29600053CF0 /* Assets.xcassets in Resources */ = {isa = PBXBuildFile; fileRef = B5915CB51EA9A29600053CF0 /* Assets.xcassets */; };
		B5915CB91EA9A29600053CF0 /* LaunchScreen.storyboard in Resources */ = {isa = PBXBuildFile; fileRef = B5915CB71EA9A29600053CF0 /* LaunchScreen.storyboard */; };
/* End PBXBuildFile section */

/* Begin PBXFileReference section */
		93CE919252EF1F36F01100DE /* Pods-UsingGoogleMapAPI.release.xcconfig */ = {isa = PBXFileReference; includeInIndex = 1; lastKnownFileType = text.xcconfig; name = "Pods-UsingGoogleMapAPI.release.xcconfig"; path = "Pods/Target Support Files/Pods-UsingGoogleMapAPI/Pods-UsingGoogleMapAPI.release.xcconfig"; sourceTree = "<group>"; };
		B5915CAB1EA9A29600053CF0 /* UsingGoogleMapAPI.app */ = {isa = PBXFileReference; explicitFileType = wrapper.application; includeInIndex = 0; path = UsingGoogleMapAPI.app; sourceTree = BUILT_PRODUCTS_DIR; };
		B5915CAE1EA9A29600053CF0 /* AppDelegate.swift */ = {isa = PBXFileReference; lastKnownFileType = sourcecode.swift; path = AppDelegate.swift; sourceTree = "<group>"; };
		B5915CB01EA9A29600053CF0 /* MapViewController.swift */ = {isa = PBXFileReference; lastKnownFileType = sourcecode.swift; path = MapViewController.swift; sourceTree = "<group>"; };
		B5915CB31EA9A29600053CF0 /* Base */ = {isa = PBXFileReference; lastKnownFileType = file.storyboard; name = Base; path = Base.lproj/Main.storyboard; sourceTree = "<group>"; };
		B5915CB51EA9A29600053CF0 /* Assets.xcassets */ = {isa = PBXFileReference; lastKnownFileType = folder.assetcatalog; path = Assets.xcassets; sourceTree = "<group>"; };
		B5915CB81EA9A29600053CF0 /* Base */ = {isa = PBXFileReference; lastKnownFileType = file.storyboard; name = Base; path = Base.lproj/LaunchScreen.storyboard; sourceTree = "<group>"; };
		B5915CBA1EA9A29600053CF0 /* Info.plist */ = {isa = PBXFileReference; lastKnownFileType = text.plist.xml; path = Info.plist; sourceTree = "<group>"; };
		E9C5E70598107F99DD299623 /* Pods-UsingGoogleMapAPI.debug.xcconfig */ = {isa = PBXFileReference; includeInIndex = 1; lastKnownFileType = text.xcconfig; name = "Pods-UsingGoogleMapAPI.debug.xcconfig"; path = "Pods/Target Support Files/Pods-UsingGoogleMapAPI/Pods-UsingGoogleMapAPI.debug.xcconfig"; sourceTree = "<group>"; };
		EF9051DAC20A8E92EB7773C1 /* Pods_UsingGoogleMapAPI.framework */ = {isa = PBXFileReference; explicitFileType = wrapper.framework; includeInIndex = 0; path = Pods_UsingGoogleMapAPI.framework; sourceTree = BUILT_PRODUCTS_DIR; };
/* End PBXFileReference section */

/* Begin PBXFrameworksBuildPhase section */
		B5915CA81EA9A29600053CF0 /* Frameworks */ = {
			isa = PBXFrameworksBuildPhase;
			buildActionMask = 2147483647;
			files = (
				597134C8D3A94605196647CE /* Pods_UsingGoogleMapAPI.framework in Frameworks */,
			);
			runOnlyForDeploymentPostprocessing = 0;
		};
/* End PBXFrameworksBuildPhase section */

/* Begin PBXGroup section */
		00D7586315FD42096132BE48 /* Pods */ = {
			isa = PBXGroup;
			children = (
				E9C5E70598107F99DD299623 /* Pods-UsingGoogleMapAPI.debug.xcconfig */,
				93CE919252EF1F36F01100DE /* Pods-UsingGoogleMapAPI.release.xcconfig */,
			);
			name = Pods;
			sourceTree = "<group>";
		};
		0321B7920855B0E4A91C9405 /* Frameworks */ = {
			isa = PBXGroup;
			children = (
				EF9051DAC20A8E92EB7773C1 /* Pods_UsingGoogleMapAPI.framework */,
			);
			name = Frameworks;
			sourceTree = "<group>";
		};
		B5915CA21EA9A29600053CF0 = {
			isa = PBXGroup;
			children = (
				B5915CAD1EA9A29600053CF0 /* UsingGoogleMapAPI */,
				B5915CAC1EA9A29600053CF0 /* Products */,
				00D7586315FD42096132BE48 /* Pods */,
				0321B7920855B0E4A91C9405 /* Frameworks */,
			);
			sourceTree = "<group>";
		};
		B5915CAC1EA9A29600053CF0 /* Products */ = {
			isa = PBXGroup;
			children = (
				B5915CAB1EA9A29600053CF0 /* UsingGoogleMapAPI.app */,
			);
			name = Products;
			sourceTree = "<group>";
		};
		B5915CAD1EA9A29600053CF0 /* UsingGoogleMapAPI */ = {
			isa = PBXGroup;
			children = (
				B5915CAE1EA9A29600053CF0 /* AppDelegate.swift */,
				B5915CB01EA9A29600053CF0 /* MapViewController.swift */,
				B5915CB21EA9A29600053CF0 /* Main.storyboard */,
				B5915CB51EA9A29600053CF0 /* Assets.xcassets */,
				B5915CB71EA9A29600053CF0 /* LaunchScreen.storyboard */,
				B5915CBA1EA9A29600053CF0 /* Info.plist */,
			);
			path = UsingGoogleMapAPI;
			sourceTree = "<group>";
		};
/* End PBXGroup section */

/* Begin PBXNativeTarget section */
		B5915CAA1EA9A29600053CF0 /* UsingGoogleMapAPI */ = {
			isa = PBXNativeTarget;
			buildConfigurationList = B5915CBD1EA9A29600053CF0 /* Build configuration list for PBXNativeTarget "UsingGoogleMapAPI" */;
			buildPhases = (
				7037BF2E637DA082A5FC0B7E /* [CP] Check Pods Manifest.lock */,
				B5915CA71EA9A29600053CF0 /* Sources */,
				B5915CA81EA9A29600053CF0 /* Frameworks */,
				B5915CA91EA9A29600053CF0 /* Resources */,
				B146AF1FD8D415D88D25E616 /* [CP] Embed Pods Frameworks */,
				AB78F97CC2EB13DF37F5FE71 /* [CP] Copy Pods Resources */,
			);
			buildRules = (
			);
			dependencies = (
			);
			name = UsingGoogleMapAPI;
			productName = UsingGoogleMapAPI;
			productReference = B5915CAB1EA9A29600053CF0 /* UsingGoogleMapAPI.app */;
			productType = "com.apple.product-type.application";
		};
/* End PBXNativeTarget section */

/* Begin PBXProject section */
		B5915CA31EA9A29600053CF0 /* Project object */ = {
			isa = PBXProject;
			attributes = {
				LastSwiftUpdateCheck = 0830;
				LastUpgradeCheck = 0830;
				ORGANIZATIONNAME = minjae;
				TargetAttributes = {
					B5915CAA1EA9A29600053CF0 = {
						CreatedOnToolsVersion = 8.3.1;
						DevelopmentTeam = K557UV74SU;
						ProvisioningStyle = Automatic;
					};
				};
			};
			buildConfigurationList = B5915CA61EA9A29600053CF0 /* Build configuration list for PBXProject "UsingGoogleMapAPI" */;
			compatibilityVersion = "Xcode 3.2";
			developmentRegion = English;
			hasScannedForEncodings = 0;
			knownRegions = (
				en,
				Base,
			);
			mainGroup = B5915CA21EA9A29600053CF0;
			productRefGroup = B5915CAC1EA9A29600053CF0 /* Products */;
			projectDirPath = "";
			projectRoot = "";
			targets = (
				B5915CAA1EA9A29600053CF0 /* UsingGoogleMapAPI */,
			);
		};
/* End PBXProject section */

/* Begin PBXResourcesBuildPhase section */
		B5915CA91EA9A29600053CF0 /* Resources */ = {
			isa = PBXResourcesBuildPhase;
			buildActionMask = 2147483647;
			files = (
				B5915CB91EA9A29600053CF0 /* LaunchScreen.storyboard in Resources */,
				B5915CB61EA9A29600053CF0 /* Assets.xcassets in Resources */,
				B5915CB41EA9A29600053CF0 /* Main.storyboard in Resources */,
			);
			runOnlyForDeploymentPostprocessing = 0;
		};
/* End PBXResourcesBuildPhase section */

/* Begin PBXShellScriptBuildPhase section */
		7037BF2E637DA082A5FC0B7E /* [CP] Check Pods Manifest.lock */ = {
			isa = PBXShellScriptBuildPhase;
			buildActionMask = 2147483647;
			files = (
			);
			inputPaths = (
			);
			name = "[CP] Check Pods Manifest.lock";
			outputPaths = (
			);
			runOnlyForDeploymentPostprocessing = 0;
			shellPath = /bin/sh;
			shellScript = "diff \"${PODS_PODFILE_DIR_PATH}/Podfile.lock\" \"${PODS_ROOT}/Manifest.lock\" > /dev/null\nif [ $? != 0 ] ; then\n    # print error to STDERR\n    echo \"error: The sandbox is not in sync with the Podfile.lock. Run 'pod install' or update your CocoaPods installation.\" >&2\n    exit 1\nfi\n";
			showEnvVarsInLog = 0;
		};
		AB78F97CC2EB13DF37F5FE71 /* [CP] Copy Pods Resources */ = {
			isa = PBXShellScriptBuildPhase;
			buildActionMask = 2147483647;
			files = (
			);
			inputPaths = (
			);
			name = "[CP] Copy Pods Resources";
			outputPaths = (
			);
			runOnlyForDeploymentPostprocessing = 0;
			shellPath = /bin/sh;
			shellScript = "\"${SRCROOT}/Pods/Target Support Files/Pods-UsingGoogleMapAPI/Pods-UsingGoogleMapAPI-resources.sh\"\n";
			showEnvVarsInLog = 0;
		};
		B146AF1FD8D415D88D25E616 /* [CP] Embed Pods Frameworks */ = {
			isa = PBXShellScriptBuildPhase;
			buildActionMask = 2147483647;
			files = (
			);
			inputPaths = (
			);
			name = "[CP] Embed Pods Frameworks";
			outputPaths = (
			);
			runOnlyForDeploymentPostprocessing = 0;
			shellPath = /bin/sh;
			shellScript = "\"${SRCROOT}/Pods/Target Support Files/Pods-UsingGoogleMapAPI/Pods-UsingGoogleMapAPI-frameworks.sh\"\n";
			showEnvVarsInLog = 0;
		};
/* End PBXShellScriptBuildPhase section */

/* Begin PBXSourcesBuildPhase section */
		B5915CA71EA9A29600053CF0 /* Sources */ = {
			isa = PBXSourcesBuildPhase;
			buildActionMask = 2147483647;
			files = (
				B5915CB11EA9A29600053CF0 /* MapViewController.swift in Sources */,
				B5915CAF1EA9A29600053CF0 /* AppDelegate.swift in Sources */,
			);
			runOnlyForDeploymentPostprocessing = 0;
		};
/* End PBXSourcesBuildPhase section */

/* Begin PBXVariantGroup section */
		B5915CB21EA9A29600053CF0 /* Main.storyboard */ = {
			isa = PBXVariantGroup;
			children = (
				B5915CB31EA9A29600053CF0 /* Base */,
			);
			name = Main.storyboard;
			sourceTree = "<group>";
		};
		B5915CB71EA9A29600053CF0 /* LaunchScreen.storyboard */ = {
			isa = PBXVariantGroup;
			children = (
				B5915CB81EA9A29600053CF0 /* Base */,
			);
			name = LaunchScreen.storyboard;
			sourceTree = "<group>";
		};
/* End PBXVariantGroup section */

/* Begin XCBuildConfiguration section */
		B5915CBB1EA9A29600053CF0 /* Debug */ = {
			isa = XCBuildConfiguration;
			buildSettings = {
				ALWAYS_SEARCH_USER_PATHS = NO;
				CLANG_ANALYZER_NONNULL = YES;
				CLANG_ANALYZER_NUMBER_OBJECT_CONVERSION = YES_AGGRESSIVE;
				CLANG_CXX_LANGUAGE_STANDARD = "gnu++0x";
				CLANG_CXX_LIBRARY = "libc++";
				CLANG_ENABLE_MODULES = YES;
				CLANG_ENABLE_OBJC_ARC = YES;
				CLANG_WARN_BOOL_CONVERSION = YES;
				CLANG_WARN_CONSTANT_CONVERSION = YES;
				CLANG_WARN_DIRECT_OBJC_ISA_USAGE = YES_ERROR;
				CLANG_WARN_DOCUMENTATION_COMMENTS = YES;
				CLANG_WARN_EMPTY_BODY = YES;
				CLANG_WARN_ENUM_CONVERSION = YES;
				CLANG_WARN_INFINITE_RECURSION = YES;
				CLANG_WARN_INT_CONVERSION = YES;
				CLANG_WARN_OBJC_ROOT_CLASS = YES_ERROR;
				CLANG_WARN_SUSPICIOUS_MOVE = YES;
				CLANG_WARN_UNREACHABLE_CODE = YES;
				CLANG_WARN__DUPLICATE_METHOD_MATCH = YES;
				"CODE_SIGN_IDENTITY[sdk=iphoneos*]" = "iPhone Developer";
				COPY_PHASE_STRIP = NO;
				DEBUG_INFORMATION_FORMAT = dwarf;
				ENABLE_STRICT_OBJC_MSGSEND = YES;
				ENABLE_TESTABILITY = YES;
				GCC_C_LANGUAGE_STANDARD = gnu99;
				GCC_DYNAMIC_NO_PIC = NO;
				GCC_NO_COMMON_BLOCKS = YES;
				GCC_OPTIMIZATION_LEVEL = 0;
				GCC_PREPROCESSOR_DEFINITIONS = (
					"DEBUG=1",
					"$(inherited)",
				);
				GCC_WARN_64_TO_32_BIT_CONVERSION = YES;
				GCC_WARN_ABOUT_RETURN_TYPE = YES_ERROR;
				GCC_WARN_UNDECLARED_SELECTOR = YES;
				GCC_WARN_UNINITIALIZED_AUTOS = YES_AGGRESSIVE;
				GCC_WARN_UNUSED_FUNCTION = YES;
				GCC_WARN_UNUSED_VARIABLE = YES;
				IPHONEOS_DEPLOYMENT_TARGET = 10.3;
				MTL_ENABLE_DEBUG_INFO = YES;
				ONLY_ACTIVE_ARCH = YES;
				SDKROOT = iphoneos;
				SWIFT_ACTIVE_COMPILATION_CONDITIONS = DEBUG;
				SWIFT_OPTIMIZATION_LEVEL = "-Onone";
			};
			name = Debug;
		};
		B5915CBC1EA9A29600053CF0 /* Release */ = {
			isa = XCBuildConfiguration;
			buildSettings = {
				ALWAYS_SEARCH_USER_PATHS = NO;
				CLANG_ANALYZER_NONNULL = YES;
				CLANG_ANALYZER_NUMBER_OBJECT_CONVERSION = YES_AGGRESSIVE;
				CLANG_CXX_LANGUAGE_STANDARD = "gnu++0x";
				CLANG_CXX_LIBRARY = "libc++";
				CLANG_ENABLE_MODULES = YES;
				CLANG_ENABLE_OBJC_ARC = YES;
				CLANG_WARN_BOOL_CONVERSION = YES;
				CLANG_WARN_CONSTANT_CONVERSION = YES;
				CLANG_WARN_DIRECT_OBJC_ISA_USAGE = YES_ERROR;
				CLANG_WARN_DOCUMENTATION_COMMENTS = YES;
				CLANG_WARN_EMPTY_BODY = YES;
				CLANG_WARN_ENUM_CONVERSION = YES;
				CLANG_WARN_INFINITE_RECURSION = YES;
				CLANG_WARN_INT_CONVERSION = YES;
				CLANG_WARN_OBJC_ROOT_CLASS = YES_ERROR;
				CLANG_WARN_SUSPICIOUS_MOVE = YES;
				CLANG_WARN_UNREACHABLE_CODE = YES;
				CLANG_WARN__DUPLICATE_METHOD_MATCH = YES;
				"CODE_SIGN_IDENTITY[sdk=iphoneos*]" = "iPhone Developer";
				COPY_PHASE_STRIP = NO;
				DEBUG_INFORMATION_FORMAT = "dwarf-with-dsym";
				ENABLE_NS_ASSERTIONS = NO;
				ENABLE_STRICT_OBJC_MSGSEND = YES;
				GCC_C_LANGUAGE_STANDARD = gnu99;
				GCC_NO_COMMON_BLOCKS = YES;
				GCC_WARN_64_TO_32_BIT_CONVERSION = YES;
				GCC_WARN_ABOUT_RETURN_TYPE = YES_ERROR;
				GCC_WARN_UNDECLARED_SELECTOR = YES;
				GCC_WARN_UNINITIALIZED_AUTOS = YES_AGGRESSIVE;
				GCC_WARN_UNUSED_FUNCTION = YES;
				GCC_WARN_UNUSED_VARIABLE = YES;
				IPHONEOS_DEPLOYMENT_TARGET = 10.3;
				MTL_ENABLE_DEBUG_INFO = NO;
				SDKROOT = iphoneos;
				SWIFT_OPTIMIZATION_LEVEL = "-Owholemodule";
				VALIDATE_PRODUCT = YES;
			};
			name = Release;
		};
		B5915CBE1EA9A29600053CF0 /* Debug */ = {
			isa = XCBuildConfiguration;
			baseConfigurationReference = E9C5E70598107F99DD299623 /* Pods-UsingGoogleMapAPI.debug.xcconfig */;
			buildSettings = {
				ASSETCATALOG_COMPILER_APPICON_NAME = AppIcon;
				DEVELOPMENT_TEAM = K557UV74SU;
				INFOPLIST_FILE = UsingGoogleMapAPI/Info.plist;
				LD_RUNPATH_SEARCH_PATHS = "$(inherited) @executable_path/Frameworks";
				PRODUCT_BUNDLE_IDENTIFIER = minjae.UsingGoogleMapAPI;
				PRODUCT_NAME = "$(TARGET_NAME)";
				SWIFT_VERSION = 3.0;
			};
			name = Debug;
		};
		B5915CBF1EA9A29600053CF0 /* Release */ = {
			isa = XCBuildConfiguration;
			baseConfigurationReference = 93CE919252EF1F36F01100DE /* Pods-UsingGoogleMapAPI.release.xcconfig */;
			buildSettings = {
				ASSETCATALOG_COMPILER_APPICON_NAME = AppIcon;
				DEVELOPMENT_TEAM = K557UV74SU;
				INFOPLIST_FILE = UsingGoogleMapAPI/Info.plist;
				LD_RUNPATH_SEARCH_PATHS = "$(inherited) @executable_path/Frameworks";
				PRODUCT_BUNDLE_IDENTIFIER = minjae.UsingGoogleMapAPI;
				PRODUCT_NAME = "$(TARGET_NAME)";
				SWIFT_VERSION = 3.0;
			};
			name = Release;
		};
/* End XCBuildConfiguration section */

/* Begin XCConfigurationList section */
		B5915CA61EA9A29600053CF0 /* Build configuration list for PBXProject "UsingGoogleMapAPI" */ = {
			isa = XCConfigurationList;
			buildConfigurations = (
				B5915CBB1EA9A29600053CF0 /* Debug */,
				B5915CBC1EA9A29600053CF0 /* Release */,
			);
			defaultConfigurationIsVisible = 0;
			defaultConfigurationName = Release;
		};
		B5915CBD1EA9A29600053CF0 /* Build configuration list for PBXNativeTarget "UsingGoogleMapAPI" */ = {
			isa = XCConfigurationList;
			buildConfigurations = (
				B5915CBE1EA9A29600053CF0 /* Debug */,
				B5915CBF1EA9A29600053CF0 /* Release */,
			);
			defaultConfigurationIsVisible = 0;
			defaultConfigurationName = Release;
		};
/* End XCConfigurationList section */
	};
	rootObject = B5915CA31EA9A29600053CF0 /* Project object */;
}
